
Microsoft Visual Studio Solution File, Format Version 10.00
# Visual Studio 2008
Project("{FAE04EC0-301F-11D3-BF4B-00C04F79EFBC}") = "JureekaCitationResolver", "JureekaCitationResolver\JureekaCitationResolver.csproj", "{8C723094-EC77-496B-81F7-CE5802732B2B}"
EndProject
Global
	GlobalSection(SolutionConfigurationPlatforms) = preSolution
		Debug|Any CPU = Debug|Any CPU
		Release|Any CPU = Release|Any CPU
	EndGlobalSection
	GlobalSection(ProjectConfigurationPlatforms) = postSolution
		{8C723094-EC77-496B-81F7-CE5802732B2B}.Debug|Any CPU.ActiveCfg = Debug|Any CPU
		{8C723094-EC77-496B-81F7-CE5802732B2B}.Debug|Any CPU.Build.0 = Debug|Any CPU
		{8C723094-EC77-496B-81F7-CE5802732B2B}.Release|Any CPU.ActiveCfg = Release|Any CPU
		{8C723094-EC77-496B-81F7-CE5802732B2B}.Release|Any CPU.Build.0 = Release|Any CPU
	EndGlobalSection
	GlobalSection(MonoDevelopProperties) = preSolution
		StartupItem = JureekaCitationResolver\JureekaCitationResolver.csproj
	EndGlobalSection
EndGlobal
